// !$*UTF8*$!
{
	archiveVersion = 1;
	classes = {
	};
	objectVersion = 50;
	objects = {

/* Begin PBXBuildFile section */
		B50B2AE7228FDC2F00C32F65 /* Task.swift in Sources */ = {isa = PBXBuildFile; fileRef = B50B2AE6228FDC2F00C32F65 /* Task.swift */; };
		B50B2AEB228FDD2900C32F65 /* TodoDataSourceProtocol.swift in Sources */ = {isa = PBXBuildFile; fileRef = B50B2AEA228FDD2900C32F65 /* TodoDataSourceProtocol.swift */; };
		B565AD0D228FDDE9001CAAB5 /* TodoRepository.swift in Sources */ = {isa = PBXBuildFile; fileRef = B565AD0C228FDDE9001CAAB5 /* TodoRepository.swift */; };
		B565AD0F228FDF5D001CAAB5 /* TaskListViewModel.swift in Sources */ = {isa = PBXBuildFile; fileRef = B565AD0E228FDF5D001CAAB5 /* TaskListViewModel.swift */; };
		B565AD11228FE040001CAAB5 /* MockTodoDataSource.swift in Sources */ = {isa = PBXBuildFile; fileRef = B565AD10228FE040001CAAB5 /* MockTodoDataSource.swift */; };
		B588DB1F228FB4BC0066CDFE /* AppDelegate.swift in Sources */ = {isa = PBXBuildFile; fileRef = B588DB1E228FB4BC0066CDFE /* AppDelegate.swift */; };
		B588DB26228FB4BF0066CDFE /* Assets.xcassets in Resources */ = {isa = PBXBuildFile; fileRef = B588DB25228FB4BF0066CDFE /* Assets.xcassets */; };
		B588DB29228FB4BF0066CDFE /* LaunchScreen.storyboard in Resources */ = {isa = PBXBuildFile; fileRef = B588DB27228FB4BF0066CDFE /* LaunchScreen.storyboard */; };
		B588DB3A228FB7070066CDFE /* RxSwift.framework in Frameworks */ = {isa = PBXBuildFile; fileRef = B588DB39228FB7070066CDFE /* RxSwift.framework */; };
		B588DB3D228FB7980066CDFE /* BaseCoordinator.swift in Sources */ = {isa = PBXBuildFile; fileRef = B588DB3C228FB7980066CDFE /* BaseCoordinator.swift */; };
		B588DB3F228FB93E0066CDFE /* AppCoordinator.swift in Sources */ = {isa = PBXBuildFile; fileRef = B588DB3E228FB93E0066CDFE /* AppCoordinator.swift */; };
		B588DB41228FB9DD0066CDFE /* MainCoordinator.swift in Sources */ = {isa = PBXBuildFile; fileRef = B588DB40228FB9DD0066CDFE /* MainCoordinator.swift */; };
		B588DB48228FBB980066CDFE /* MainViewController.swift in Sources */ = {isa = PBXBuildFile; fileRef = B588DB46228FBB980066CDFE /* MainViewController.swift */; };
		B588DB49228FBB980066CDFE /* MainViewController.xib in Resources */ = {isa = PBXBuildFile; fileRef = B588DB47228FBB980066CDFE /* MainViewController.xib */; };
		B588DB4D228FBC490066CDFE /* TaskListViewController.swift in Sources */ = {isa = PBXBuildFile; fileRef = B588DB4B228FBC490066CDFE /* TaskListViewController.swift */; };
		B588DB4E228FBC490066CDFE /* TaskListViewController.xib in Resources */ = {isa = PBXBuildFile; fileRef = B588DB4C228FBC490066CDFE /* TaskListViewController.xib */; };
		B588DB56228FC6CB0066CDFE /* TagListViewController.swift in Sources */ = {isa = PBXBuildFile; fileRef = B588DB54228FC6CB0066CDFE /* TagListViewController.swift */; };
		B588DB57228FC6CB0066CDFE /* TagListViewController.xib in Resources */ = {isa = PBXBuildFile; fileRef = B588DB55228FC6CB0066CDFE /* TagListViewController.xib */; };
		B5A5737322A500B3002C2B4F /* RxCocoa.framework in Frameworks */ = {isa = PBXBuildFile; fileRef = B5A5737222A500B3002C2B4F /* RxCocoa.framework */; };
		B5A5737522A500EB002C2B4F /* RxRelay.framework in Frameworks */ = {isa = PBXBuildFile; fileRef = B5A5737422A500EB002C2B4F /* RxRelay.framework */; };
		B5A5737722A50CFF002C2B4F /* CommonErrors.swift in Sources */ = {isa = PBXBuildFile; fileRef = B5A5737622A50CFF002C2B4F /* CommonErrors.swift */; };
		B5CF0E4422A4C61800578D5F /* TaskListCoordinator.swift in Sources */ = {isa = PBXBuildFile; fileRef = B5CF0E4322A4C61800578D5F /* TaskListCoordinator.swift */; };
		B5CF0E4622A4C83900578D5F /* TagCoordinator.swift in Sources */ = {isa = PBXBuildFile; fileRef = B5CF0E4522A4C83900578D5F /* TagCoordinator.swift */; };
		B5CF0E4822A4CA0700578D5F /* TaskDetailCoordinator.swift in Sources */ = {isa = PBXBuildFile; fileRef = B5CF0E4722A4CA0700578D5F /* TaskDetailCoordinator.swift */; };
		B5CF0E4B22A4CA6600578D5F /* TaskDetailViewController.swift in Sources */ = {isa = PBXBuildFile; fileRef = B5CF0E4922A4CA6600578D5F /* TaskDetailViewController.swift */; };
		B5CF0E4C22A4CA6600578D5F /* TaskDetailViewController.xib in Resources */ = {isa = PBXBuildFile; fileRef = B5CF0E4A22A4CA6600578D5F /* TaskDetailViewController.xib */; };
		B5CF0E4E22A4CA8100578D5F /* TaskDetailViewModel.swift in Sources */ = {isa = PBXBuildFile; fileRef = B5CF0E4D22A4CA8100578D5F /* TaskDetailViewModel.swift */; };
/* End PBXBuildFile section */

/* Begin PBXFileReference section */
		B50B2AE6228FDC2F00C32F65 /* Task.swift */ = {isa = PBXFileReference; lastKnownFileType = sourcecode.swift; path = Task.swift; sourceTree = "<group>"; };
		B50B2AEA228FDD2900C32F65 /* TodoDataSourceProtocol.swift */ = {isa = PBXFileReference; lastKnownFileType = sourcecode.swift; path = TodoDataSourceProtocol.swift; sourceTree = "<group>"; };
		B565AD0C228FDDE9001CAAB5 /* TodoRepository.swift */ = {isa = PBXFileReference; lastKnownFileType = sourcecode.swift; path = TodoRepository.swift; sourceTree = "<group>"; };
		B565AD0E228FDF5D001CAAB5 /* TaskListViewModel.swift */ = {isa = PBXFileReference; lastKnownFileType = sourcecode.swift; path = TaskListViewModel.swift; sourceTree = "<group>"; };
		B565AD10228FE040001CAAB5 /* MockTodoDataSource.swift */ = {isa = PBXFileReference; lastKnownFileType = sourcecode.swift; path = MockTodoDataSource.swift; sourceTree = "<group>"; };
		B588DB1B228FB4BC0066CDFE /* Todo.app */ = {isa = PBXFileReference; explicitFileType = wrapper.application; includeInIndex = 0; path = Todo.app; sourceTree = BUILT_PRODUCTS_DIR; };
		B588DB1E228FB4BC0066CDFE /* AppDelegate.swift */ = {isa = PBXFileReference; lastKnownFileType = sourcecode.swift; path = AppDelegate.swift; sourceTree = "<group>"; };
		B588DB25228FB4BF0066CDFE /* Assets.xcassets */ = {isa = PBXFileReference; lastKnownFileType = folder.assetcatalog; path = Assets.xcassets; sourceTree = "<group>"; };
		B588DB28228FB4BF0066CDFE /* Base */ = {isa = PBXFileReference; lastKnownFileType = file.storyboard; name = Base; path = Base.lproj/LaunchScreen.storyboard; sourceTree = "<group>"; };
		B588DB2A228FB4BF0066CDFE /* Info.plist */ = {isa = PBXFileReference; lastKnownFileType = text.plist.xml; path = Info.plist; sourceTree = "<group>"; };
		B588DB39228FB7070066CDFE /* RxSwift.framework */ = {isa = PBXFileReference; lastKnownFileType = wrapper.framework; name = RxSwift.framework; path = Carthage/Build/iOS/RxSwift.framework; sourceTree = "<group>"; };
		B588DB3C228FB7980066CDFE /* BaseCoordinator.swift */ = {isa = PBXFileReference; lastKnownFileType = sourcecode.swift; path = BaseCoordinator.swift; sourceTree = "<group>"; };
		B588DB3E228FB93E0066CDFE /* AppCoordinator.swift */ = {isa = PBXFileReference; lastKnownFileType = sourcecode.swift; path = AppCoordinator.swift; sourceTree = "<group>"; };
		B588DB40228FB9DD0066CDFE /* MainCoordinator.swift */ = {isa = PBXFileReference; lastKnownFileType = sourcecode.swift; path = MainCoordinator.swift; sourceTree = "<group>"; };
		B588DB46228FBB980066CDFE /* MainViewController.swift */ = {isa = PBXFileReference; lastKnownFileType = sourcecode.swift; path = MainViewController.swift; sourceTree = "<group>"; };
		B588DB47228FBB980066CDFE /* MainViewController.xib */ = {isa = PBXFileReference; lastKnownFileType = file.xib; path = MainViewController.xib; sourceTree = "<group>"; };
		B588DB4B228FBC490066CDFE /* TaskListViewController.swift */ = {isa = PBXFileReference; lastKnownFileType = sourcecode.swift; path = TaskListViewController.swift; sourceTree = "<group>"; };
		B588DB4C228FBC490066CDFE /* TaskListViewController.xib */ = {isa = PBXFileReference; lastKnownFileType = file.xib; path = TaskListViewController.xib; sourceTree = "<group>"; };
		B588DB54228FC6CB0066CDFE /* TagListViewController.swift */ = {isa = PBXFileReference; lastKnownFileType = sourcecode.swift; path = TagListViewController.swift; sourceTree = "<group>"; };
		B588DB55228FC6CB0066CDFE /* TagListViewController.xib */ = {isa = PBXFileReference; lastKnownFileType = file.xib; path = TagListViewController.xib; sourceTree = "<group>"; };
		B5A5737222A500B3002C2B4F /* RxCocoa.framework */ = {isa = PBXFileReference; lastKnownFileType = wrapper.framework; name = RxCocoa.framework; path = Carthage/Build/iOS/RxCocoa.framework; sourceTree = "<group>"; };
		B5A5737422A500EB002C2B4F /* RxRelay.framework */ = {isa = PBXFileReference; lastKnownFileType = wrapper.framework; name = RxRelay.framework; path = Carthage/Build/iOS/RxRelay.framework; sourceTree = "<group>"; };
		B5A5737622A50CFF002C2B4F /* CommonErrors.swift */ = {isa = PBXFileReference; lastKnownFileType = sourcecode.swift; path = CommonErrors.swift; sourceTree = "<group>"; };
		B5CF0E4322A4C61800578D5F /* TaskListCoordinator.swift */ = {isa = PBXFileReference; lastKnownFileType = sourcecode.swift; path = TaskListCoordinator.swift; sourceTree = "<group>"; };
		B5CF0E4522A4C83900578D5F /* TagCoordinator.swift */ = {isa = PBXFileReference; lastKnownFileType = sourcecode.swift; path = TagCoordinator.swift; sourceTree = "<group>"; };
		B5CF0E4722A4CA0700578D5F /* TaskDetailCoordinator.swift */ = {isa = PBXFileReference; lastKnownFileType = sourcecode.swift; path = TaskDetailCoordinator.swift; sourceTree = "<group>"; };
		B5CF0E4922A4CA6600578D5F /* TaskDetailViewController.swift */ = {isa = PBXFileReference; lastKnownFileType = sourcecode.swift; path = TaskDetailViewController.swift; sourceTree = "<group>"; };
		B5CF0E4A22A4CA6600578D5F /* TaskDetailViewController.xib */ = {isa = PBXFileReference; lastKnownFileType = file.xib; path = TaskDetailViewController.xib; sourceTree = "<group>"; };
		B5CF0E4D22A4CA8100578D5F /* TaskDetailViewModel.swift */ = {isa = PBXFileReference; lastKnownFileType = sourcecode.swift; path = TaskDetailViewModel.swift; sourceTree = "<group>"; };
/* End PBXFileReference section */

/* Begin PBXFrameworksBuildPhase section */
		B588DB18228FB4BC0066CDFE /* Frameworks */ = {
			isa = PBXFrameworksBuildPhase;
			buildActionMask = 2147483647;
			files = (
				B588DB3A228FB7070066CDFE /* RxSwift.framework in Frameworks */,
				B5A5737322A500B3002C2B4F /* RxCocoa.framework in Frameworks */,
				B5A5737522A500EB002C2B4F /* RxRelay.framework in Frameworks */,
			);
			runOnlyForDeploymentPostprocessing = 0;
		};
/* End PBXFrameworksBuildPhase section */

/* Begin PBXGroup section */
		B50B2AE2228FDBE900C32F65 /* Data */ = {
			isa = PBXGroup;
			children = (
				B50B2AE3228FDBF700C32F65 /* Models */,
				B50B2AE5228FDC1100C32F65 /* DataSources */,
				B50B2AE4228FDC0500C32F65 /* Repositories */,
			);
			path = Data;
			sourceTree = "<group>";
		};
		B50B2AE3228FDBF700C32F65 /* Models */ = {
			isa = PBXGroup;
			children = (
				B50B2AE6228FDC2F00C32F65 /* Task.swift */,
			);
			path = Models;
			sourceTree = "<group>";
		};
		B50B2AE4228FDC0500C32F65 /* Repositories */ = {
			isa = PBXGroup;
			children = (
				B565AD0C228FDDE9001CAAB5 /* TodoRepository.swift */,
			);
			path = Repositories;
			sourceTree = "<group>";
		};
		B50B2AE5228FDC1100C32F65 /* DataSources */ = {
			isa = PBXGroup;
			children = (
				B50B2AEA228FDD2900C32F65 /* TodoDataSourceProtocol.swift */,
				B565AD10228FE040001CAAB5 /* MockTodoDataSource.swift */,
			);
			path = DataSources;
			sourceTree = "<group>";
		};
		B588DB12228FB4BC0066CDFE = {
			isa = PBXGroup;
			children = (
				B588DB1D228FB4BC0066CDFE /* Todo */,
				B588DB1C228FB4BC0066CDFE /* Products */,
				B588DB38228FB7070066CDFE /* Frameworks */,
			);
			sourceTree = "<group>";
		};
		B588DB1C228FB4BC0066CDFE /* Products */ = {
			isa = PBXGroup;
			children = (
				B588DB1B228FB4BC0066CDFE /* Todo.app */,
			);
			name = Products;
			sourceTree = "<group>";
		};
		B588DB1D228FB4BC0066CDFE /* Todo */ = {
			isa = PBXGroup;
			children = (
				B588DB34228FB5800066CDFE /* App */,
				B50B2AE2228FDBE900C32F65 /* Data */,
				B588DB31228FB5060066CDFE /* Screens */,
				B588DB30228FB4FB0066CDFE /* Library */,
				B5A5737822A50E83002C2B4F /* Errors */,
				B588DB32228FB5520066CDFE /* Resources */,
				B588DB33228FB5650066CDFE /* Supporting Files */,
			);
			path = Todo;
			sourceTree = "<group>";
		};
		B588DB30228FB4FB0066CDFE /* Library */ = {
			isa = PBXGroup;
			children = (
				B588DB3C228FB7980066CDFE /* BaseCoordinator.swift */,
			);
			path = Library;
			sourceTree = "<group>";
		};
		B588DB31228FB5060066CDFE /* Screens */ = {
			isa = PBXGroup;
			children = (
				B588DB37228FB6630066CDFE /* Main */,
				B588DB4A228FBC140066CDFE /* Task */,
				B588DB4F228FC1120066CDFE /* Tag */,
			);
			path = Screens;
			sourceTree = "<group>";
		};
		B588DB32228FB5520066CDFE /* Resources */ = {
			isa = PBXGroup;
			children = (
				B588DB25228FB4BF0066CDFE /* Assets.xcassets */,
			);
			path = Resources;
			sourceTree = "<group>";
		};
		B588DB33228FB5650066CDFE /* Supporting Files */ = {
			isa = PBXGroup;
			children = (
				B588DB27228FB4BF0066CDFE /* LaunchScreen.storyboard */,
				B588DB2A228FB4BF0066CDFE /* Info.plist */,
			);
			path = "Supporting Files";
			sourceTree = "<group>";
		};
		B588DB34228FB5800066CDFE /* App */ = {
			isa = PBXGroup;
			children = (
				B588DB1E228FB4BC0066CDFE /* AppDelegate.swift */,
				B588DB3E228FB93E0066CDFE /* AppCoordinator.swift */,
			);
			path = App;
			sourceTree = "<group>";
		};
		B588DB37228FB6630066CDFE /* Main */ = {
			isa = PBXGroup;
			children = (
				B588DB40228FB9DD0066CDFE /* MainCoordinator.swift */,
				B588DB46228FBB980066CDFE /* MainViewController.swift */,
				B588DB47228FBB980066CDFE /* MainViewController.xib */,
			);
			path = Main;
			sourceTree = "<group>";
		};
		B588DB38228FB7070066CDFE /* Frameworks */ = {
			isa = PBXGroup;
			children = (
				B5A5737422A500EB002C2B4F /* RxRelay.framework */,
				B5A5737222A500B3002C2B4F /* RxCocoa.framework */,
				B588DB39228FB7070066CDFE /* RxSwift.framework */,
			);
			name = Frameworks;
			sourceTree = "<group>";
		};
		B588DB4A228FBC140066CDFE /* Task */ = {
			isa = PBXGroup;
			children = (
				B5CF0E4322A4C61800578D5F /* TaskListCoordinator.swift */,
				B588DB4B228FBC490066CDFE /* TaskListViewController.swift */,
				B588DB4C228FBC490066CDFE /* TaskListViewController.xib */,
				B565AD0E228FDF5D001CAAB5 /* TaskListViewModel.swift */,
				B5CF0E4722A4CA0700578D5F /* TaskDetailCoordinator.swift */,
				B5CF0E4922A4CA6600578D5F /* TaskDetailViewController.swift */,
				B5CF0E4A22A4CA6600578D5F /* TaskDetailViewController.xib */,
				B5CF0E4D22A4CA8100578D5F /* TaskDetailViewModel.swift */,
			);
			path = Task;
			sourceTree = "<group>";
		};
		B588DB4F228FC1120066CDFE /* Tag */ = {
			isa = PBXGroup;
			children = (
				B5CF0E4522A4C83900578D5F /* TagCoordinator.swift */,
				B588DB54228FC6CB0066CDFE /* TagListViewController.swift */,
				B588DB55228FC6CB0066CDFE /* TagListViewController.xib */,
			);
			path = Tag;
			sourceTree = "<group>";
		};
		B5A5737822A50E83002C2B4F /* Errors */ = {
			isa = PBXGroup;
			children = (
				B5A5737622A50CFF002C2B4F /* CommonErrors.swift */,
			);
			path = Errors;
			sourceTree = "<group>";
		};
/* End PBXGroup section */

/* Begin PBXNativeTarget section */
		B588DB1A228FB4BC0066CDFE /* Todo */ = {
			isa = PBXNativeTarget;
			buildConfigurationList = B588DB2D228FB4BF0066CDFE /* Build configuration list for PBXNativeTarget "Todo" */;
			buildPhases = (
				B588DB17228FB4BC0066CDFE /* Sources */,
				B588DB18228FB4BC0066CDFE /* Frameworks */,
				B588DB19228FB4BC0066CDFE /* Resources */,
				B588DB3B228FB70F0066CDFE /* ShellScript */,
			);
			buildRules = (
			);
			dependencies = (
			);
			name = Todo;
			productName = Todo;
			productReference = B588DB1B228FB4BC0066CDFE /* Todo.app */;
			productType = "com.apple.product-type.application";
		};
/* End PBXNativeTarget section */

/* Begin PBXProject section */
		B588DB13228FB4BC0066CDFE /* Project object */ = {
			isa = PBXProject;
			attributes = {
				LastSwiftUpdateCheck = 1020;
				LastUpgradeCheck = 1020;
				ORGANIZATIONNAME = "Đặng Quang Hưng";
				TargetAttributes = {
					B588DB1A228FB4BC0066CDFE = {
						CreatedOnToolsVersion = 10.2.1;
					};
				};
			};
			buildConfigurationList = B588DB16228FB4BC0066CDFE /* Build configuration list for PBXProject "Todo" */;
			compatibilityVersion = "Xcode 9.3";
			developmentRegion = en;
			hasScannedForEncodings = 0;
			knownRegions = (
				en,
				Base,
			);
			mainGroup = B588DB12228FB4BC0066CDFE;
			productRefGroup = B588DB1C228FB4BC0066CDFE /* Products */;
			projectDirPath = "";
			projectRoot = "";
			targets = (
				B588DB1A228FB4BC0066CDFE /* Todo */,
			);
		};
/* End PBXProject section */

/* Begin PBXResourcesBuildPhase section */
		B588DB19228FB4BC0066CDFE /* Resources */ = {
			isa = PBXResourcesBuildPhase;
			buildActionMask = 2147483647;
			files = (
				B588DB29228FB4BF0066CDFE /* LaunchScreen.storyboard in Resources */,
				B588DB4E228FBC490066CDFE /* TaskListViewController.xib in Resources */,
				B5CF0E4C22A4CA6600578D5F /* TaskDetailViewController.xib in Resources */,
				B588DB49228FBB980066CDFE /* MainViewController.xib in Resources */,
				B588DB57228FC6CB0066CDFE /* TagListViewController.xib in Resources */,
				B588DB26228FB4BF0066CDFE /* Assets.xcassets in Resources */,
			);
			runOnlyForDeploymentPostprocessing = 0;
		};
/* End PBXResourcesBuildPhase section */

/* Begin PBXShellScriptBuildPhase section */
		B588DB3B228FB70F0066CDFE /* ShellScript */ = {
			isa = PBXShellScriptBuildPhase;
			buildActionMask = 2147483647;
			files = (
			);
			inputFileListPaths = (
			);
			inputPaths = (
				"$(SRCROOT)/Carthage/Build/iOS/RxSwift.framework",
				"$(SRCROOT)/Carthage/Build/iOS/RxCocoa.framework",
				"$(SRCROOT)/Carthage/Build/iOS/RxRelay.framework",
			);
			outputFileListPaths = (
			);
			outputPaths = (
			);
			runOnlyForDeploymentPostprocessing = 0;
			shellPath = /bin/sh;
			shellScript = "# Type a script or drag a script file from your workspace to insert its path.\n/usr/local/bin/carthage copy-frameworks\n";
		};
/* End PBXShellScriptBuildPhase section */

/* Begin PBXSourcesBuildPhase section */
		B588DB17228FB4BC0066CDFE /* Sources */ = {
			isa = PBXSourcesBuildPhase;
			buildActionMask = 2147483647;
			files = (
				B50B2AEB228FDD2900C32F65 /* TodoDataSourceProtocol.swift in Sources */,
				B5CF0E4622A4C83900578D5F /* TagCoordinator.swift in Sources */,
				B5CF0E4422A4C61800578D5F /* TaskListCoordinator.swift in Sources */,
				B50B2AE7228FDC2F00C32F65 /* Task.swift in Sources */,
				B588DB3F228FB93E0066CDFE /* AppCoordinator.swift in Sources */,
				B588DB41228FB9DD0066CDFE /* MainCoordinator.swift in Sources */,
				B588DB1F228FB4BC0066CDFE /* AppDelegate.swift in Sources */,
				B565AD0D228FDDE9001CAAB5 /* TodoRepository.swift in Sources */,
				B588DB3D228FB7980066CDFE /* BaseCoordinator.swift in Sources */,
				B588DB48228FBB980066CDFE /* MainViewController.swift in Sources */,
				B5CF0E4822A4CA0700578D5F /* TaskDetailCoordinator.swift in Sources */,
				B5CF0E4E22A4CA8100578D5F /* TaskDetailViewModel.swift in Sources */,
				B588DB56228FC6CB0066CDFE /* TagListViewController.swift in Sources */,
				B588DB4D228FBC490066CDFE /* TaskListViewController.swift in Sources */,
				B565AD11228FE040001CAAB5 /* MockTodoDataSource.swift in Sources */,
				B565AD0F228FDF5D001CAAB5 /* TaskListViewModel.swift in Sources */,
				B5A5737722A50CFF002C2B4F /* CommonErrors.swift in Sources */,
				B5CF0E4B22A4CA6600578D5F /* TaskDetailViewController.swift in Sources */,
			);
			runOnlyForDeploymentPostprocessing = 0;
		};
/* End PBXSourcesBuildPhase section */

/* Begin PBXVariantGroup section */
		B588DB27228FB4BF0066CDFE /* LaunchScreen.storyboard */ = {
			isa = PBXVariantGroup;
			children = (
				B588DB28228FB4BF0066CDFE /* Base */,
			);
			name = LaunchScreen.storyboard;
			sourceTree = "<group>";
		};
/* End PBXVariantGroup section */

/* Begin XCBuildConfiguration section */
		B588DB2B228FB4BF0066CDFE /* Debug */ = {
			isa = XCBuildConfiguration;
			buildSettings = {
				ALWAYS_SEARCH_USER_PATHS = NO;
				CLANG_ANALYZER_NONNULL = YES;
				CLANG_ANALYZER_NUMBER_OBJECT_CONVERSION = YES_AGGRESSIVE;
				CLANG_CXX_LANGUAGE_STANDARD = "gnu++14";
				CLANG_CXX_LIBRARY = "libc++";
				CLANG_ENABLE_MODULES = YES;
				CLANG_ENABLE_OBJC_ARC = YES;
				CLANG_ENABLE_OBJC_WEAK = YES;
				CLANG_WARN_BLOCK_CAPTURE_AUTORELEASING = YES;
				CLANG_WARN_BOOL_CONVERSION = YES;
				CLANG_WARN_COMMA = YES;
				CLANG_WARN_CONSTANT_CONVERSION = YES;
				CLANG_WARN_DEPRECATED_OBJC_IMPLEMENTATIONS = YES;
				CLANG_WARN_DIRECT_OBJC_ISA_USAGE = YES_ERROR;
				CLANG_WARN_DOCUMENTATION_COMMENTS = YES;
				CLANG_WARN_EMPTY_BODY = YES;
				CLANG_WARN_ENUM_CONVERSION = YES;
				CLANG_WARN_INFINITE_RECURSION = YES;
				CLANG_WARN_INT_CONVERSION = YES;
				CLANG_WARN_NON_LITERAL_NULL_CONVERSION = YES;
				CLANG_WARN_OBJC_IMPLICIT_RETAIN_SELF = YES;
				CLANG_WARN_OBJC_LITERAL_CONVERSION = YES;
				CLANG_WARN_OBJC_ROOT_CLASS = YES_ERROR;
				CLANG_WARN_RANGE_LOOP_ANALYSIS = YES;
				CLANG_WARN_STRICT_PROTOTYPES = YES;
				CLANG_WARN_SUSPICIOUS_MOVE = YES;
				CLANG_WARN_UNGUARDED_AVAILABILITY = YES_AGGRESSIVE;
				CLANG_WARN_UNREACHABLE_CODE = YES;
				CLANG_WARN__DUPLICATE_METHOD_MATCH = YES;
				CODE_SIGN_IDENTITY = "iPhone Developer";
				COPY_PHASE_STRIP = NO;
				DEBUG_INFORMATION_FORMAT = dwarf;
				ENABLE_STRICT_OBJC_MSGSEND = YES;
				ENABLE_TESTABILITY = YES;
				GCC_C_LANGUAGE_STANDARD = gnu11;
				GCC_DYNAMIC_NO_PIC = NO;
				GCC_NO_COMMON_BLOCKS = YES;
				GCC_OPTIMIZATION_LEVEL = 0;
				GCC_PREPROCESSOR_DEFINITIONS = (
					"DEBUG=1",
					"$(inherited)",
				);
				GCC_WARN_64_TO_32_BIT_CONVERSION = YES;
				GCC_WARN_ABOUT_RETURN_TYPE = YES_ERROR;
				GCC_WARN_UNDECLARED_SELECTOR = YES;
				GCC_WARN_UNINITIALIZED_AUTOS = YES_AGGRESSIVE;
				GCC_WARN_UNUSED_FUNCTION = YES;
				GCC_WARN_UNUSED_VARIABLE = YES;
				IPHONEOS_DEPLOYMENT_TARGET = 12.2;
				MTL_ENABLE_DEBUG_INFO = INCLUDE_SOURCE;
				MTL_FAST_MATH = YES;
				ONLY_ACTIVE_ARCH = YES;
				SDKROOT = iphoneos;
				SWIFT_ACTIVE_COMPILATION_CONDITIONS = DEBUG;
				SWIFT_OPTIMIZATION_LEVEL = "-Onone";
			};
			name = Debug;
		};
		B588DB2C228FB4BF0066CDFE /* Release */ = {
			isa = XCBuildConfiguration;
			buildSettings = {
				ALWAYS_SEARCH_USER_PATHS = NO;
				CLANG_ANALYZER_NONNULL = YES;
				CLANG_ANALYZER_NUMBER_OBJECT_CONVERSION = YES_AGGRESSIVE;
				CLANG_CXX_LANGUAGE_STANDARD = "gnu++14";
				CLANG_CXX_LIBRARY = "libc++";
				CLANG_ENABLE_MODULES = YES;
				CLANG_ENABLE_OBJC_ARC = YES;
				CLANG_ENABLE_OBJC_WEAK = YES;
				CLANG_WARN_BLOCK_CAPTURE_AUTORELEASING = YES;
				CLANG_WARN_BOOL_CONVERSION = YES;
				CLANG_WARN_COMMA = YES;
				CLANG_WARN_CONSTANT_CONVERSION = YES;
				CLANG_WARN_DEPRECATED_OBJC_IMPLEMENTATIONS = YES;
				CLANG_WARN_DIRECT_OBJC_ISA_USAGE = YES_ERROR;
				CLANG_WARN_DOCUMENTATION_COMMENTS = YES;
				CLANG_WARN_EMPTY_BODY = YES;
				CLANG_WARN_ENUM_CONVERSION = YES;
				CLANG_WARN_INFINITE_RECURSION = YES;
				CLANG_WARN_INT_CONVERSION = YES;
				CLANG_WARN_NON_LITERAL_NULL_CONVERSION = YES;
				CLANG_WARN_OBJC_IMPLICIT_RETAIN_SELF = YES;
				CLANG_WARN_OBJC_LITERAL_CONVERSION = YES;
				CLANG_WARN_OBJC_ROOT_CLASS = YES_ERROR;
				CLANG_WARN_RANGE_LOOP_ANALYSIS = YES;
				CLANG_WARN_STRICT_PROTOTYPES = YES;
				CLANG_WARN_SUSPICIOUS_MOVE = YES;
				CLANG_WARN_UNGUARDED_AVAILABILITY = YES_AGGRESSIVE;
				CLANG_WARN_UNREACHABLE_CODE = YES;
				CLANG_WARN__DUPLICATE_METHOD_MATCH = YES;
				CODE_SIGN_IDENTITY = "iPhone Developer";
				COPY_PHASE_STRIP = NO;
				DEBUG_INFORMATION_FORMAT = "dwarf-with-dsym";
				ENABLE_NS_ASSERTIONS = NO;
				ENABLE_STRICT_OBJC_MSGSEND = YES;
				GCC_C_LANGUAGE_STANDARD = gnu11;
				GCC_NO_COMMON_BLOCKS = YES;
				GCC_WARN_64_TO_32_BIT_CONVERSION = YES;
				GCC_WARN_ABOUT_RETURN_TYPE = YES_ERROR;
				GCC_WARN_UNDECLARED_SELECTOR = YES;
				GCC_WARN_UNINITIALIZED_AUTOS = YES_AGGRESSIVE;
				GCC_WARN_UNUSED_FUNCTION = YES;
				GCC_WARN_UNUSED_VARIABLE = YES;
				IPHONEOS_DEPLOYMENT_TARGET = 12.2;
				MTL_ENABLE_DEBUG_INFO = NO;
				MTL_FAST_MATH = YES;
				SDKROOT = iphoneos;
				SWIFT_COMPILATION_MODE = wholemodule;
				SWIFT_OPTIMIZATION_LEVEL = "-O";
				VALIDATE_PRODUCT = YES;
			};
			name = Release;
		};
		B588DB2E228FB4BF0066CDFE /* Debug */ = {
			isa = XCBuildConfiguration;
			buildSettings = {
				ASSETCATALOG_COMPILER_APPICON_NAME = AppIcon;
				CODE_SIGN_STYLE = Automatic;
				FRAMEWORK_SEARCH_PATHS = (
					"$(inherited)",
					"$(PROJECT_DIR)/Carthage/Build/iOS",
				);
				INFOPLIST_FILE = "$(SRCROOT)/Todo/Supporting Files/Info.plist";
				LD_RUNPATH_SEARCH_PATHS = (
					"$(inherited)",
					"@executable_path/Frameworks",
				);
				PRODUCT_BUNDLE_IDENTIFIER = com.hungqd.Todo;
				PRODUCT_NAME = "$(TARGET_NAME)";
				SWIFT_VERSION = 5.0;
				TARGETED_DEVICE_FAMILY = "1,2";
			};
			name = Debug;
		};
		B588DB2F228FB4BF0066CDFE /* Release */ = {
			isa = XCBuildConfiguration;
			buildSettings = {
				ASSETCATALOG_COMPILER_APPICON_NAME = AppIcon;
				CODE_SIGN_STYLE = Automatic;
				FRAMEWORK_SEARCH_PATHS = (
					"$(inherited)",
					"$(PROJECT_DIR)/Carthage/Build/iOS",
				);
				INFOPLIST_FILE = "$(SRCROOT)/Todo/Supporting Files/Info.plist";
				LD_RUNPATH_SEARCH_PATHS = (
					"$(inherited)",
					"@executable_path/Frameworks",
				);
				PRODUCT_BUNDLE_IDENTIFIER = com.hungqd.Todo;
				PRODUCT_NAME = "$(TARGET_NAME)";
				SWIFT_VERSION = 5.0;
				TARGETED_DEVICE_FAMILY = "1,2";
			};
			name = Release;
		};
/* End XCBuildConfiguration section */

/* Begin XCConfigurationList section */
		B588DB16228FB4BC0066CDFE /* Build configuration list for PBXProject "Todo" */ = {
			isa = XCConfigurationList;
			buildConfigurations = (
				B588DB2B228FB4BF0066CDFE /* Debug */,
				B588DB2C228FB4BF0066CDFE /* Release */,
			);
			defaultConfigurationIsVisible = 0;
			defaultConfigurationName = Release;
		};
		B588DB2D228FB4BF0066CDFE /* Build configuration list for PBXNativeTarget "Todo" */ = {
			isa = XCConfigurationList;
			buildConfigurations = (
				B588DB2E228FB4BF0066CDFE /* Debug */,
				B588DB2F228FB4BF0066CDFE /* Release */,
			);
			defaultConfigurationIsVisible = 0;
			defaultConfigurationName = Release;
		};
/* End XCConfigurationList section */
	};
	rootObject = B588DB13228FB4BC0066CDFE /* Project object */;
}
